<?xml version="1.0" encoding="utf-8"?>
<Project ToolsVersion="4.0" xmlns="http://schemas.microsoft.com/developer/msbuild/2003">
  <ItemGroup>
    <Filter Include="Source Files">
      <UniqueIdentifier>{4FC737F1-C7A5-4376-A066-2A32D752A2FF}</UniqueIdentifier>
      <Extensions>cpp;c;cc;cxx;c++;cppm;ixx;def;odl;idl;hpj;bat;asm;asmx</Extensions>
    </Filter>
    <Filter Include="Header Files">
      <UniqueIdentifier>{93995380-89BD-4b04-88EB-625FBE52EBFB}</UniqueIdentifier>
      <Extensions>h;hh;hpp;hxx;h++;hm;inl;inc;ipp;xsd</Extensions>
    </Filter>
    <Filter Include="Resource Files">
      <UniqueIdentifier>{67DA6AB6-F800-4c08-8B7A-83BB121AAD01}</UniqueIdentifier>
      <Extensions>rc;ico;cur;bmp;dlg;rc2;rct;bin;rgs;gif;jpg;jpeg;jpe;resx;tiff;tif;png;wav;mfcribbon-ms</Extensions>
    </Filter>
    <Filter Include="Source Files\AES">
      <UniqueIdentifier>{7b7bcc25-be52-4ece-8490-6f8084082322}</UniqueIdentifier>
    </Filter>
    <Filter Include="Source Files\DPAPI">
      <UniqueIdentifier>{10cdf12a-a6ef-44f6-9f34-9f03ba6317cc}</UniqueIdentifier>
    </Filter>
    <Filter Include="Source Files\Chrome">
      <UniqueIdentifier>{fb714a2b-c7aa-4d5d-9265-5f8e2b9fa006}</UniqueIdentifier>
    </Filter>
    <Filter Include="Source Files\sqlite3">
      <UniqueIdentifier>{19c2c8d0-ecd2-4c0e-bff8-7b31d4af4fb4}</UniqueIdentifier>
    </Filter>
    <Filter Include="Header Files\AES">
      <UniqueIdentifier>{2d82f067-b6af-4518-841f-4f4d52e5e664}</UniqueIdentifier>
    </Filter>
    <Filter Include="Header Files\Chrome">
      <UniqueIdentifier>{703cb170-7c9e-41b9-a86d-6cf3cc62ccb5}</UniqueIdentifier>
    </Filter>
    <Filter Include="Header Files\DPAPI">
      <UniqueIdentifier>{a6fd11de-6528-45eb-bd57-3a5185101ada}</UniqueIdentifier>
    </Filter>
    <Filter Include="Source Files\common">
      <UniqueIdentifier>{4ae6df01-beb0-48dd-ba82-db2ade1f0b68}</UniqueIdentifier>
    </Filter>
    <Filter Include="Header Files\common">
      <UniqueIdentifier>{576d2708-ca31-4dd1-91a2-a7c1109e4d79}</UniqueIdentifier>
    </Filter>
    <Filter Include="Source Files\Enumeration">
      <UniqueIdentifier>{529aa6a9-ddad-41af-bc94-401626ca34fe}</UniqueIdentifier>
    </Filter>
    <Filter Include="Header Files\Enumeration">
      <UniqueIdentifier>{d340e0ca-83aa-4b5b-9818-6da3ac981d28}</UniqueIdentifier>
    </Filter>
  </ItemGroup>
  <ItemGroup>
    <ClCompile Include="sqlite3\sqlite3.c">
      <Filter>Source Files\sqlite3</Filter>
    </ClCompile>
    <ClCompile Include="AES\AES-256-GCM.cpp">
      <Filter>Source Files\AES</Filter>
    </ClCompile>
    <ClCompile Include="DPAPI\decrypt_dpapi.cpp">
      <Filter>Source Files\DPAPI</Filter>
    </ClCompile>
    <ClCompile Include="Chrome\Chrome.cpp">
      <Filter>Source Files\Chrome</Filter>
    </ClCompile>
    <ClCompile Include="Source.cpp">
      <Filter>Source Files</Filter>
    </ClCompile>
    <ClCompile Include="common\cJSON.c">
      <Filter>Source Files\common</Filter>
    </ClCompile>
    <ClCompile Include="common\base64.cpp">
      <Filter>Source Files\common</Filter>
    </ClCompile>
    <ClCompile Include="Enumeration\enumerate_process_list.cpp">
      <Filter>Source Files\Enumeration</Filter>
    </ClCompile>
    <ClCompile Include="Enumeration\initialize_wmi.cpp">
      <Filter>Source Files\Enumeration</Filter>
    </ClCompile>
  </ItemGroup>
  <ItemGroup>
    <ClInclude Include="AES\AES-256-GCM.h">
      <Filter>Header Files\AES</Filter>
    </ClInclude>
    <ClInclude Include="Chrome\Chrome.h">
      <Filter>Header Files\Chrome</Filter>
    </ClInclude>
    <ClInclude Include="DPAPI\decrypt_dpapi.h">
      <Filter>Header Files\DPAPI</Filter>
    </ClInclude>
    <ClInclude Include="common\base64.h">
      <Filter>Header Files\common</Filter>
    </ClInclude>
    <ClInclude Include="common\cJSON.h">
      <Filter>Header Files\common</Filter>
    </ClInclude>
    <ClInclude Include="Enumeration\enumerate.h">
      <Filter>Header Files\Enumeration</Filter>
    </ClInclude>
  </ItemGroup>
</Project>